
Microsoft Visual Studio Solution File, Format Version 12.00
# Visual Studio Version 16
VisualStudioVersion = 16.0.36631.11
MinimumVisualStudioVersion = 10.0.40219.1
Project("{8BC9CEB8-8B4A-11D0-8D11-00A0C91BC942}") = "R0Win", "R0Win\R0Win.vcxproj", "{1E177745-5BC6-4FC2-91E7-8A0AD563C53A}"
EndProject
Project("{8BC9CEB8-8B4A-11D0-8D11-00A0C91BC942}") = "R3Test", "R3Test\R3Test.vcxproj", "{A5B15BA2-51A4-4321-A8CE-A4011B758FE5}"
EndProject
Project("{8BC9CEB8-8B4A-11D0-8D11-00A0C91BC942}") = "SCMDriver", "SCMDriver\SCMDriver.vcxproj", "{F3BE9D87-BCDC-46AA-BD60-4B8810B73D40}"
EndProject
Project("{8BC9CEB8-8B4A-11D0-8D11-00A0C91BC942}") = "DeviceIoControl", "DeviceIoControl\DeviceIoControl.vcxproj", "{83EC9934-9D4C-4554-8440-D850A654B3A5}"
EndProject
Project("{8BC9CEB8-8B4A-11D0-8D11-00A0C91BC942}") = "DeviceIoApplication", "DeviceIoApplication\DeviceIoApplication.vcxproj", "{90882B66-FC0E-4D4F-8E7F-125FF19F7248}"
EndProject
Global
	GlobalSection(SolutionConfigurationPlatforms) = preSolution
		Debug|ARM = Debug|ARM
		Debug|ARM64 = Debug|ARM64
		Debug|x64 = Debug|x64
		Debug|x86 = Debug|x86
		Release|ARM = Release|ARM
		Release|ARM64 = Release|ARM64
		Release|x64 = Release|x64
		Release|x86 = Release|x86
	EndGlobalSection
	GlobalSection(ProjectConfigurationPlatforms) = postSolution
		{1E177745-5BC6-4FC2-91E7-8A0AD563C53A}.Debug|ARM.ActiveCfg = Debug|ARM
		{1E177745-5BC6-4FC2-91E7-8A0AD563C53A}.Debug|ARM.Build.0 = Debug|ARM
		{1E177745-5BC6-4FC2-91E7-8A0AD563C53A}.Debug|ARM.Deploy.0 = Debug|ARM
		{1E177745-5BC6-4FC2-91E7-8A0AD563C53A}.Debug|ARM64.ActiveCfg = Debug|ARM64
		{1E177745-5BC6-4FC2-91E7-8A0AD563C53A}.Debug|ARM64.Build.0 = Debug|ARM64
		{1E177745-5BC6-4FC2-91E7-8A0AD563C53A}.Debug|ARM64.Deploy.0 = Debug|ARM64
		{1E177745-5BC6-4FC2-91E7-8A0AD563C53A}.Debug|x64.ActiveCfg = Debug|x64
		{1E177745-5BC6-4FC2-91E7-8A0AD563C53A}.Debug|x64.Build.0 = Debug|x64
		{1E177745-5BC6-4FC2-91E7-8A0AD563C53A}.Debug|x64.Deploy.0 = Debug|x64
		{1E177745-5BC6-4FC2-91E7-8A0AD563C53A}.Debug|x86.ActiveCfg = Debug|Win32
		{1E177745-5BC6-4FC2-91E7-8A0AD563C53A}.Debug|x86.Build.0 = Debug|Win32
		{1E177745-5BC6-4FC2-91E7-8A0AD563C53A}.Debug|x86.Deploy.0 = Debug|Win32
		{1E177745-5BC6-4FC2-91E7-8A0AD563C53A}.Release|ARM.ActiveCfg = Release|ARM
		{1E177745-5BC6-4FC2-91E7-8A0AD563C53A}.Release|ARM.Build.0 = Release|ARM
		{1E177745-5BC6-4FC2-91E7-8A0AD563C53A}.Release|ARM.Deploy.0 = Release|ARM
		{1E177745-5BC6-4FC2-91E7-8A0AD563C53A}.Release|ARM64.ActiveCfg = Release|ARM64
		{1E177745-5BC6-4FC2-91E7-8A0AD563C53A}.Release|ARM64.Build.0 = Release|ARM64
		{1E177745-5BC6-4FC2-91E7-8A0AD563C53A}.Release|ARM64.Deploy.0 = Release|ARM64
		{1E177745-5BC6-4FC2-91E7-8A0AD563C53A}.Release|x64.ActiveCfg = Release|x64
		{1E177745-5BC6-4FC2-91E7-8A0AD563C53A}.Release|x64.Build.0 = Release|x64
		{1E177745-5BC6-4FC2-91E7-8A0AD563C53A}.Release|x64.Deploy.0 = Release|x64
		{1E177745-5BC6-4FC2-91E7-8A0AD563C53A}.Release|x86.ActiveCfg = Release|Win32
		{1E177745-5BC6-4FC2-91E7-8A0AD563C53A}.Release|x86.Build.0 = Release|Win32
		{1E177745-5BC6-4FC2-91E7-8A0AD563C53A}.Release|x86.Deploy.0 = Release|Win32
		{A5B15BA2-51A4-4321-A8CE-A4011B758FE5}.Debug|ARM.ActiveCfg = Debug|Win32
		{A5B15BA2-51A4-4321-A8CE-A4011B758FE5}.Debug|ARM64.ActiveCfg = Debug|Win32
		{A5B15BA2-51A4-4321-A8CE-A4011B758FE5}.Debug|x64.ActiveCfg = Debug|x64
		{A5B15BA2-51A4-4321-A8CE-A4011B758FE5}.Debug|x64.Build.0 = Debug|x64
		{A5B15BA2-51A4-4321-A8CE-A4011B758FE5}.Debug|x86.ActiveCfg = Debug|Win32
		{A5B15BA2-51A4-4321-A8CE-A4011B758FE5}.Debug|x86.Build.0 = Debug|Win32
		{A5B15BA2-51A4-4321-A8CE-A4011B758FE5}.Release|ARM.ActiveCfg = Release|Win32
		{A5B15BA2-51A4-4321-A8CE-A4011B758FE5}.Release|ARM64.ActiveCfg = Release|Win32
		{A5B15BA2-51A4-4321-A8CE-A4011B758FE5}.Release|x64.ActiveCfg = Release|x64
		{A5B15BA2-51A4-4321-A8CE-A4011B758FE5}.Release|x64.Build.0 = Release|x64
		{A5B15BA2-51A4-4321-A8CE-A4011B758FE5}.Release|x86.ActiveCfg = Release|Win32
		{A5B15BA2-51A4-4321-A8CE-A4011B758FE5}.Release|x86.Build.0 = Release|Win32
		{F3BE9D87-BCDC-46AA-BD60-4B8810B73D40}.Debug|ARM.ActiveCfg = Debug|Win32
		{F3BE9D87-BCDC-46AA-BD60-4B8810B73D40}.Debug|ARM64.ActiveCfg = Debug|Win32
		{F3BE9D87-BCDC-46AA-BD60-4B8810B73D40}.Debug|x64.ActiveCfg = Debug|x64
		{F3BE9D87-BCDC-46AA-BD60-4B8810B73D40}.Debug|x64.Build.0 = Debug|x64
		{F3BE9D87-BCDC-46AA-BD60-4B8810B73D40}.Debug|x86.ActiveCfg = Debug|Win32
		{F3BE9D87-BCDC-46AA-BD60-4B8810B73D40}.Debug|x86.Build.0 = Debug|Win32
		{F3BE9D87-BCDC-46AA-BD60-4B8810B73D40}.Release|ARM.ActiveCfg = Release|Win32
		{F3BE9D87-BCDC-46AA-BD60-4B8810B73D40}.Release|ARM64.ActiveCfg = Release|Win32
		{F3BE9D87-BCDC-46AA-BD60-4B8810B73D40}.Release|x64.ActiveCfg = Release|x64
		{F3BE9D87-BCDC-46AA-BD60-4B8810B73D40}.Release|x64.Build.0 = Release|x64
		{F3BE9D87-BCDC-46AA-BD60-4B8810B73D40}.Release|x86.ActiveCfg = Release|Win32
		{F3BE9D87-BCDC-46AA-BD60-4B8810B73D40}.Release|x86.Build.0 = Release|Win32
		{83EC9934-9D4C-4554-8440-D850A654B3A5}.Debug|ARM.ActiveCfg = Debug|ARM
		{83EC9934-9D4C-4554-8440-D850A654B3A5}.Debug|ARM.Build.0 = Debug|ARM
		{83EC9934-9D4C-4554-8440-D850A654B3A5}.Debug|ARM.Deploy.0 = Debug|ARM
		{83EC9934-9D4C-4554-8440-D850A654B3A5}.Debug|ARM64.ActiveCfg = Debug|ARM64
		{83EC9934-9D4C-4554-8440-D850A654B3A5}.Debug|ARM64.Build.0 = Debug|ARM64
		{83EC9934-9D4C-4554-8440-D850A654B3A5}.Debug|ARM64.Deploy.0 = Debug|ARM64
		{83EC9934-9D4C-4554-8440-D850A654B3A5}.Debug|x64.ActiveCfg = Debug|x64
		{83EC9934-9D4C-4554-8440-D850A654B3A5}.Debug|x64.Build.0 = Debug|x64
		{83EC9934-9D4C-4554-8440-D850A654B3A5}.Debug|x64.Deploy.0 = Debug|x64
		{83EC9934-9D4C-4554-8440-D850A654B3A5}.Debug|x86.ActiveCfg = Debug|Win32
		{83EC9934-9D4C-4554-8440-D850A654B3A5}.Debug|x86.Build.0 = Debug|Win32
		{83EC9934-9D4C-4554-8440-D850A654B3A5}.Debug|x86.Deploy.0 = Debug|Win32
		{83EC9934-9D4C-4554-8440-D850A654B3A5}.Release|ARM.ActiveCfg = Release|ARM
		{83EC9934-9D4C-4554-8440-D850A654B3A5}.Release|ARM.Build.0 = Release|ARM
		{83EC9934-9D4C-4554-8440-D850A654B3A5}.Release|ARM.Deploy.0 = Release|ARM
		{83EC9934-9D4C-4554-8440-D850A654B3A5}.Release|ARM64.ActiveCfg = Release|ARM64
		{83EC9934-9D4C-4554-8440-D850A654B3A5}.Release|ARM64.Build.0 = Release|ARM64
		{83EC9934-9D4C-4554-8440-D850A654B3A5}.Release|ARM64.Deploy.0 = Release|ARM64
		{83EC9934-9D4C-4554-8440-D850A654B3A5}.Release|x64.ActiveCfg = Release|x64
		{83EC9934-9D4C-4554-8440-D850A654B3A5}.Release|x64.Build.0 = Release|x64
		{83EC9934-9D4C-4554-8440-D850A654B3A5}.Release|x64.Deploy.0 = Release|x64
		{83EC9934-9D4C-4554-8440-D850A654B3A5}.Release|x86.ActiveCfg = Release|Win32
		{83EC9934-9D4C-4554-8440-D850A654B3A5}.Release|x86.Build.0 = Release|Win32
		{83EC9934-9D4C-4554-8440-D850A654B3A5}.Release|x86.Deploy.0 = Release|Win32
		{90882B66-FC0E-4D4F-8E7F-125FF19F7248}.Debug|ARM.ActiveCfg = Debug|Win32
		{90882B66-FC0E-4D4F-8E7F-125FF19F7248}.Debug|ARM64.ActiveCfg = Debug|Win32
		{90882B66-FC0E-4D4F-8E7F-125FF19F7248}.Debug|x64.ActiveCfg = Debug|x64
		{90882B66-FC0E-4D4F-8E7F-125FF19F7248}.Debug|x64.Build.0 = Debug|x64
		{90882B66-FC0E-4D4F-8E7F-125FF19F7248}.Debug|x86.ActiveCfg = Debug|Win32
		{90882B66-FC0E-4D4F-8E7F-125FF19F7248}.Debug|x86.Build.0 = Debug|Win32
		{90882B66-FC0E-4D4F-8E7F-125FF19F7248}.Release|ARM.ActiveCfg = Release|Win32
		{90882B66-FC0E-4D4F-8E7F-125FF19F7248}.Release|ARM64.ActiveCfg = Release|Win32
		{90882B66-FC0E-4D4F-8E7F-125FF19F7248}.Release|x64.ActiveCfg = Release|x64
		{90882B66-FC0E-4D4F-8E7F-125FF19F7248}.Release|x64.Build.0 = Release|x64
		{90882B66-FC0E-4D4F-8E7F-125FF19F7248}.Release|x86.ActiveCfg = Release|Win32
		{90882B66-FC0E-4D4F-8E7F-125FF19F7248}.Release|x86.Build.0 = Release|Win32
	EndGlobalSection
	GlobalSection(SolutionProperties) = preSolution
		HideSolutionNode = FALSE
	EndGlobalSection
	GlobalSection(ExtensibilityGlobals) = postSolution
		SolutionGuid = {4A17EDAA-E57A-4257-8086-FDEE6CB2D470}
	EndGlobalSection
EndGlobal
