
Microsoft Visual Studio Solution File, Format Version 12.00
# Visual Studio Version 16
VisualStudioVersion = 16.0.36631.11
MinimumVisualStudioVersion = 10.0.40219.1
Project("{8BC9CEB8-8B4A-11D0-8D11-00A0C91BC942}") = "R0Win", "R0Win\R0Win.vcxproj", "{1E177745-5BC6-4FC2-91E7-8A0AD563C53A}"
EndProject
Project("{8BC9CEB8-8B4A-11D0-8D11-00A0C91BC942}") = "R3Test", "R3Test\R3Test.vcxproj", "{A5B15BA2-51A4-4321-A8CE-A4011B758FE5}"
EndProject
Project("{8BC9CEB8-8B4A-11D0-8D11-00A0C91BC942}") = "SCMDriver", "SCMDriver\SCMDriver.vcxproj", "{F3BE9D87-BCDC-46AA-BD60-4B8810B73D40}"
EndProject
Project("{8BC9CEB8-8B4A-11D0-8D11-00A0C91BC942}") = "DeviceIoControl", "DeviceIoControl\DeviceIoControl.vcxproj", "{83EC9934-9D4C-4554-8440-D850A654B3A5}"
EndProject
Project("{8BC9CEB8-8B4A-11D0-8D11-00A0C91BC942}") = "DeviceIoApplication", "DeviceIoApplication\DeviceIoApplication.vcxproj", "{90882B66-FC0E-4D4F-8E7F-125FF19F7248}"
EndProject
Project("{8BC9CEB8-8B4A-11D0-8D11-00A0C91BC942}") = "MemLearn", "MemLearn\MemLearn.vcxproj", "{2768E14F-A77C-46E8-A08C-DE8F9A0AD80C}"
EndProject
Project("{8BC9CEB8-8B4A-11D0-8D11-00A0C91BC942}") = "StringLearn", "StringLearn\StringLearn.vcxproj", "{7999A09B-D477-42B7-B85F-3A177642413A}"
EndProject
Project("{8BC9CEB8-8B4A-11D0-8D11-00A0C91BC942}") = "SearchCode", "SearchCode\SearchCode.vcxproj", "{0A42C0AF-DB2F-462A-87AF-3BEC815F14C6}"
EndProject
Project("{8BC9CEB8-8B4A-11D0-8D11-00A0C91BC942}") = "FileNormal", "FileNormal\FileNormal.vcxproj", "{121F7568-B529-4533-B9E7-0512DC1B77E8}"
EndProject
Project("{8BC9CEB8-8B4A-11D0-8D11-00A0C91BC942}") = "DirectoryNormal", "DirectoryNormal\DirectoryNormal.vcxproj", "{5FC936B4-7ED4-46C0-B5C4-6DDA6B8F81FE}"
EndProject
Project("{8BC9CEB8-8B4A-11D0-8D11-00A0C91BC942}") = "SectionNormal", "SectionNormal\SectionNormal.vcxproj", "{AAB901BC-E99F-4977-A893-097CD549147D}"
EndProject
Project("{8BC9CEB8-8B4A-11D0-8D11-00A0C91BC942}") = "RegNormal", "RegNormal\RegNormal.vcxproj", "{8B79165C-E215-4F7C-B485-75BB117406DC}"
EndProject
Project("{8BC9CEB8-8B4A-11D0-8D11-00A0C91BC942}") = "ProcessNormal", "ProcessNormal\ProcessNormal.vcxproj", "{6CCCCB61-BE71-43CC-A91A-410A67DC37E0}"
EndProject
Project("{8BC9CEB8-8B4A-11D0-8D11-00A0C91BC942}") = "ThreadNormal", "ThreadNormal\ThreadNormal.vcxproj", "{9D992871-2FD4-43EB-B236-322ACDCFA190}"
EndProject
Project("{8BC9CEB8-8B4A-11D0-8D11-00A0C91BC942}") = "ObjectTypeNormal", "ObjectTypeNormal\ObjectTypeNormal.vcxproj", "{5A7DB7E8-E795-46BA-96D0-213A310AFC6A}"
EndProject
Project("{8BC9CEB8-8B4A-11D0-8D11-00A0C91BC942}") = "VirtualMemoryNormal", "VirtualMemory\VirtualMemory.vcxproj", "{8C1F4991-BD53-4122-8D3D-600E74064078}"
EndProject
Global
	GlobalSection(SolutionConfigurationPlatforms) = preSolution
		Debug|ARM = Debug|ARM
		Debug|ARM64 = Debug|ARM64
		Debug|x64 = Debug|x64
		Debug|x86 = Debug|x86
		Release|ARM = Release|ARM
		Release|ARM64 = Release|ARM64
		Release|x64 = Release|x64
		Release|x86 = Release|x86
	EndGlobalSection
	GlobalSection(ProjectConfigurationPlatforms) = postSolution
		{1E177745-5BC6-4FC2-91E7-8A0AD563C53A}.Debug|ARM.ActiveCfg = Debug|ARM
		{1E177745-5BC6-4FC2-91E7-8A0AD563C53A}.Debug|ARM.Build.0 = Debug|ARM
		{1E177745-5BC6-4FC2-91E7-8A0AD563C53A}.Debug|ARM.Deploy.0 = Debug|ARM
		{1E177745-5BC6-4FC2-91E7-8A0AD563C53A}.Debug|ARM64.ActiveCfg = Debug|ARM64
		{1E177745-5BC6-4FC2-91E7-8A0AD563C53A}.Debug|ARM64.Build.0 = Debug|ARM64
		{1E177745-5BC6-4FC2-91E7-8A0AD563C53A}.Debug|ARM64.Deploy.0 = Debug|ARM64
		{1E177745-5BC6-4FC2-91E7-8A0AD563C53A}.Debug|x64.ActiveCfg = Debug|x64
		{1E177745-5BC6-4FC2-91E7-8A0AD563C53A}.Debug|x64.Build.0 = Debug|x64
		{1E177745-5BC6-4FC2-91E7-8A0AD563C53A}.Debug|x64.Deploy.0 = Debug|x64
		{1E177745-5BC6-4FC2-91E7-8A0AD563C53A}.Debug|x86.ActiveCfg = Debug|Win32
		{1E177745-5BC6-4FC2-91E7-8A0AD563C53A}.Debug|x86.Build.0 = Debug|Win32
		{1E177745-5BC6-4FC2-91E7-8A0AD563C53A}.Debug|x86.Deploy.0 = Debug|Win32
		{1E177745-5BC6-4FC2-91E7-8A0AD563C53A}.Release|ARM.ActiveCfg = Release|ARM
		{1E177745-5BC6-4FC2-91E7-8A0AD563C53A}.Release|ARM.Build.0 = Release|ARM
		{1E177745-5BC6-4FC2-91E7-8A0AD563C53A}.Release|ARM.Deploy.0 = Release|ARM
		{1E177745-5BC6-4FC2-91E7-8A0AD563C53A}.Release|ARM64.ActiveCfg = Release|ARM64
		{1E177745-5BC6-4FC2-91E7-8A0AD563C53A}.Release|ARM64.Build.0 = Release|ARM64
		{1E177745-5BC6-4FC2-91E7-8A0AD563C53A}.Release|ARM64.Deploy.0 = Release|ARM64
		{1E177745-5BC6-4FC2-91E7-8A0AD563C53A}.Release|x64.ActiveCfg = Release|x64
		{1E177745-5BC6-4FC2-91E7-8A0AD563C53A}.Release|x64.Build.0 = Release|x64
		{1E177745-5BC6-4FC2-91E7-8A0AD563C53A}.Release|x64.Deploy.0 = Release|x64
		{1E177745-5BC6-4FC2-91E7-8A0AD563C53A}.Release|x86.ActiveCfg = Release|Win32
		{1E177745-5BC6-4FC2-91E7-8A0AD563C53A}.Release|x86.Build.0 = Release|Win32
		{1E177745-5BC6-4FC2-91E7-8A0AD563C53A}.Release|x86.Deploy.0 = Release|Win32
		{A5B15BA2-51A4-4321-A8CE-A4011B758FE5}.Debug|ARM.ActiveCfg = Debug|Win32
		{A5B15BA2-51A4-4321-A8CE-A4011B758FE5}.Debug|ARM64.ActiveCfg = Debug|Win32
		{A5B15BA2-51A4-4321-A8CE-A4011B758FE5}.Debug|x64.ActiveCfg = Debug|x64
		{A5B15BA2-51A4-4321-A8CE-A4011B758FE5}.Debug|x64.Build.0 = Debug|x64
		{A5B15BA2-51A4-4321-A8CE-A4011B758FE5}.Debug|x86.ActiveCfg = Debug|Win32
		{A5B15BA2-51A4-4321-A8CE-A4011B758FE5}.Debug|x86.Build.0 = Debug|Win32
		{A5B15BA2-51A4-4321-A8CE-A4011B758FE5}.Release|ARM.ActiveCfg = Release|Win32
		{A5B15BA2-51A4-4321-A8CE-A4011B758FE5}.Release|ARM64.ActiveCfg = Release|Win32
		{A5B15BA2-51A4-4321-A8CE-A4011B758FE5}.Release|x64.ActiveCfg = Release|x64
		{A5B15BA2-51A4-4321-A8CE-A4011B758FE5}.Release|x64.Build.0 = Release|x64
		{A5B15BA2-51A4-4321-A8CE-A4011B758FE5}.Release|x86.ActiveCfg = Release|Win32
		{A5B15BA2-51A4-4321-A8CE-A4011B758FE5}.Release|x86.Build.0 = Release|Win32
		{F3BE9D87-BCDC-46AA-BD60-4B8810B73D40}.Debug|ARM.ActiveCfg = Debug|Win32
		{F3BE9D87-BCDC-46AA-BD60-4B8810B73D40}.Debug|ARM64.ActiveCfg = Debug|Win32
		{F3BE9D87-BCDC-46AA-BD60-4B8810B73D40}.Debug|x64.ActiveCfg = Debug|x64
		{F3BE9D87-BCDC-46AA-BD60-4B8810B73D40}.Debug|x64.Build.0 = Debug|x64
		{F3BE9D87-BCDC-46AA-BD60-4B8810B73D40}.Debug|x86.ActiveCfg = Debug|Win32
		{F3BE9D87-BCDC-46AA-BD60-4B8810B73D40}.Debug|x86.Build.0 = Debug|Win32
		{F3BE9D87-BCDC-46AA-BD60-4B8810B73D40}.Release|ARM.ActiveCfg = Release|Win32
		{F3BE9D87-BCDC-46AA-BD60-4B8810B73D40}.Release|ARM64.ActiveCfg = Release|Win32
		{F3BE9D87-BCDC-46AA-BD60-4B8810B73D40}.Release|x64.ActiveCfg = Release|x64
		{F3BE9D87-BCDC-46AA-BD60-4B8810B73D40}.Release|x64.Build.0 = Release|x64
		{F3BE9D87-BCDC-46AA-BD60-4B8810B73D40}.Release|x86.ActiveCfg = Release|Win32
		{F3BE9D87-BCDC-46AA-BD60-4B8810B73D40}.Release|x86.Build.0 = Release|Win32
		{83EC9934-9D4C-4554-8440-D850A654B3A5}.Debug|ARM.ActiveCfg = Debug|ARM
		{83EC9934-9D4C-4554-8440-D850A654B3A5}.Debug|ARM.Build.0 = Debug|ARM
		{83EC9934-9D4C-4554-8440-D850A654B3A5}.Debug|ARM.Deploy.0 = Debug|ARM
		{83EC9934-9D4C-4554-8440-D850A654B3A5}.Debug|ARM64.ActiveCfg = Debug|ARM64
		{83EC9934-9D4C-4554-8440-D850A654B3A5}.Debug|ARM64.Build.0 = Debug|ARM64
		{83EC9934-9D4C-4554-8440-D850A654B3A5}.Debug|ARM64.Deploy.0 = Debug|ARM64
		{83EC9934-9D4C-4554-8440-D850A654B3A5}.Debug|x64.ActiveCfg = Debug|x64
		{83EC9934-9D4C-4554-8440-D850A654B3A5}.Debug|x64.Build.0 = Debug|x64
		{83EC9934-9D4C-4554-8440-D850A654B3A5}.Debug|x64.Deploy.0 = Debug|x64
		{83EC9934-9D4C-4554-8440-D850A654B3A5}.Debug|x86.ActiveCfg = Debug|Win32
		{83EC9934-9D4C-4554-8440-D850A654B3A5}.Debug|x86.Build.0 = Debug|Win32
		{83EC9934-9D4C-4554-8440-D850A654B3A5}.Debug|x86.Deploy.0 = Debug|Win32
		{83EC9934-9D4C-4554-8440-D850A654B3A5}.Release|ARM.ActiveCfg = Release|ARM
		{83EC9934-9D4C-4554-8440-D850A654B3A5}.Release|ARM.Build.0 = Release|ARM
		{83EC9934-9D4C-4554-8440-D850A654B3A5}.Release|ARM.Deploy.0 = Release|ARM
		{83EC9934-9D4C-4554-8440-D850A654B3A5}.Release|ARM64.ActiveCfg = Release|ARM64
		{83EC9934-9D4C-4554-8440-D850A654B3A5}.Release|ARM64.Build.0 = Release|ARM64
		{83EC9934-9D4C-4554-8440-D850A654B3A5}.Release|ARM64.Deploy.0 = Release|ARM64
		{83EC9934-9D4C-4554-8440-D850A654B3A5}.Release|x64.ActiveCfg = Release|x64
		{83EC9934-9D4C-4554-8440-D850A654B3A5}.Release|x64.Build.0 = Release|x64
		{83EC9934-9D4C-4554-8440-D850A654B3A5}.Release|x64.Deploy.0 = Release|x64
		{83EC9934-9D4C-4554-8440-D850A654B3A5}.Release|x86.ActiveCfg = Release|Win32
		{83EC9934-9D4C-4554-8440-D850A654B3A5}.Release|x86.Build.0 = Release|Win32
		{83EC9934-9D4C-4554-8440-D850A654B3A5}.Release|x86.Deploy.0 = Release|Win32
		{90882B66-FC0E-4D4F-8E7F-125FF19F7248}.Debug|ARM.ActiveCfg = Debug|Win32
		{90882B66-FC0E-4D4F-8E7F-125FF19F7248}.Debug|ARM64.ActiveCfg = Debug|Win32
		{90882B66-FC0E-4D4F-8E7F-125FF19F7248}.Debug|x64.ActiveCfg = Debug|x64
		{90882B66-FC0E-4D4F-8E7F-125FF19F7248}.Debug|x64.Build.0 = Debug|x64
		{90882B66-FC0E-4D4F-8E7F-125FF19F7248}.Debug|x86.ActiveCfg = Debug|Win32
		{90882B66-FC0E-4D4F-8E7F-125FF19F7248}.Debug|x86.Build.0 = Debug|Win32
		{90882B66-FC0E-4D4F-8E7F-125FF19F7248}.Release|ARM.ActiveCfg = Release|Win32
		{90882B66-FC0E-4D4F-8E7F-125FF19F7248}.Release|ARM64.ActiveCfg = Release|Win32
		{90882B66-FC0E-4D4F-8E7F-125FF19F7248}.Release|x64.ActiveCfg = Release|x64
		{90882B66-FC0E-4D4F-8E7F-125FF19F7248}.Release|x64.Build.0 = Release|x64
		{90882B66-FC0E-4D4F-8E7F-125FF19F7248}.Release|x86.ActiveCfg = Release|Win32
		{90882B66-FC0E-4D4F-8E7F-125FF19F7248}.Release|x86.Build.0 = Release|Win32
		{2768E14F-A77C-46E8-A08C-DE8F9A0AD80C}.Debug|ARM.ActiveCfg = Debug|ARM
		{2768E14F-A77C-46E8-A08C-DE8F9A0AD80C}.Debug|ARM.Build.0 = Debug|ARM
		{2768E14F-A77C-46E8-A08C-DE8F9A0AD80C}.Debug|ARM.Deploy.0 = Debug|ARM
		{2768E14F-A77C-46E8-A08C-DE8F9A0AD80C}.Debug|ARM64.ActiveCfg = Debug|ARM64
		{2768E14F-A77C-46E8-A08C-DE8F9A0AD80C}.Debug|ARM64.Build.0 = Debug|ARM64
		{2768E14F-A77C-46E8-A08C-DE8F9A0AD80C}.Debug|ARM64.Deploy.0 = Debug|ARM64
		{2768E14F-A77C-46E8-A08C-DE8F9A0AD80C}.Debug|x64.ActiveCfg = Debug|x64
		{2768E14F-A77C-46E8-A08C-DE8F9A0AD80C}.Debug|x64.Build.0 = Debug|x64
		{2768E14F-A77C-46E8-A08C-DE8F9A0AD80C}.Debug|x64.Deploy.0 = Debug|x64
		{2768E14F-A77C-46E8-A08C-DE8F9A0AD80C}.Debug|x86.ActiveCfg = Debug|Win32
		{2768E14F-A77C-46E8-A08C-DE8F9A0AD80C}.Debug|x86.Build.0 = Debug|Win32
		{2768E14F-A77C-46E8-A08C-DE8F9A0AD80C}.Debug|x86.Deploy.0 = Debug|Win32
		{2768E14F-A77C-46E8-A08C-DE8F9A0AD80C}.Release|ARM.ActiveCfg = Release|ARM
		{2768E14F-A77C-46E8-A08C-DE8F9A0AD80C}.Release|ARM.Build.0 = Release|ARM
		{2768E14F-A77C-46E8-A08C-DE8F9A0AD80C}.Release|ARM.Deploy.0 = Release|ARM
		{2768E14F-A77C-46E8-A08C-DE8F9A0AD80C}.Release|ARM64.ActiveCfg = Release|ARM64
		{2768E14F-A77C-46E8-A08C-DE8F9A0AD80C}.Release|ARM64.Build.0 = Release|ARM64
		{2768E14F-A77C-46E8-A08C-DE8F9A0AD80C}.Release|ARM64.Deploy.0 = Release|ARM64
		{2768E14F-A77C-46E8-A08C-DE8F9A0AD80C}.Release|x64.ActiveCfg = Release|x64
		{2768E14F-A77C-46E8-A08C-DE8F9A0AD80C}.Release|x64.Build.0 = Release|x64
		{2768E14F-A77C-46E8-A08C-DE8F9A0AD80C}.Release|x64.Deploy.0 = Release|x64
		{2768E14F-A77C-46E8-A08C-DE8F9A0AD80C}.Release|x86.ActiveCfg = Release|Win32
		{2768E14F-A77C-46E8-A08C-DE8F9A0AD80C}.Release|x86.Build.0 = Release|Win32
		{2768E14F-A77C-46E8-A08C-DE8F9A0AD80C}.Release|x86.Deploy.0 = Release|Win32
		{7999A09B-D477-42B7-B85F-3A177642413A}.Debug|ARM.ActiveCfg = Debug|ARM
		{7999A09B-D477-42B7-B85F-3A177642413A}.Debug|ARM.Build.0 = Debug|ARM
		{7999A09B-D477-42B7-B85F-3A177642413A}.Debug|ARM.Deploy.0 = Debug|ARM
		{7999A09B-D477-42B7-B85F-3A177642413A}.Debug|ARM64.ActiveCfg = Debug|ARM64
		{7999A09B-D477-42B7-B85F-3A177642413A}.Debug|ARM64.Build.0 = Debug|ARM64
		{7999A09B-D477-42B7-B85F-3A177642413A}.Debug|ARM64.Deploy.0 = Debug|ARM64
		{7999A09B-D477-42B7-B85F-3A177642413A}.Debug|x64.ActiveCfg = Debug|x64
		{7999A09B-D477-42B7-B85F-3A177642413A}.Debug|x64.Build.0 = Debug|x64
		{7999A09B-D477-42B7-B85F-3A177642413A}.Debug|x64.Deploy.0 = Debug|x64
		{7999A09B-D477-42B7-B85F-3A177642413A}.Debug|x86.ActiveCfg = Debug|Win32
		{7999A09B-D477-42B7-B85F-3A177642413A}.Debug|x86.Build.0 = Debug|Win32
		{7999A09B-D477-42B7-B85F-3A177642413A}.Debug|x86.Deploy.0 = Debug|Win32
		{7999A09B-D477-42B7-B85F-3A177642413A}.Release|ARM.ActiveCfg = Release|ARM
		{7999A09B-D477-42B7-B85F-3A177642413A}.Release|ARM.Build.0 = Release|ARM
		{7999A09B-D477-42B7-B85F-3A177642413A}.Release|ARM.Deploy.0 = Release|ARM
		{7999A09B-D477-42B7-B85F-3A177642413A}.Release|ARM64.ActiveCfg = Release|ARM64
		{7999A09B-D477-42B7-B85F-3A177642413A}.Release|ARM64.Build.0 = Release|ARM64
		{7999A09B-D477-42B7-B85F-3A177642413A}.Release|ARM64.Deploy.0 = Release|ARM64
		{7999A09B-D477-42B7-B85F-3A177642413A}.Release|x64.ActiveCfg = Release|x64
		{7999A09B-D477-42B7-B85F-3A177642413A}.Release|x64.Build.0 = Release|x64
		{7999A09B-D477-42B7-B85F-3A177642413A}.Release|x64.Deploy.0 = Release|x64
		{7999A09B-D477-42B7-B85F-3A177642413A}.Release|x86.ActiveCfg = Release|Win32
		{7999A09B-D477-42B7-B85F-3A177642413A}.Release|x86.Build.0 = Release|Win32
		{7999A09B-D477-42B7-B85F-3A177642413A}.Release|x86.Deploy.0 = Release|Win32
		{0A42C0AF-DB2F-462A-87AF-3BEC815F14C6}.Debug|ARM.ActiveCfg = Debug|ARM
		{0A42C0AF-DB2F-462A-87AF-3BEC815F14C6}.Debug|ARM.Build.0 = Debug|ARM
		{0A42C0AF-DB2F-462A-87AF-3BEC815F14C6}.Debug|ARM.Deploy.0 = Debug|ARM
		{0A42C0AF-DB2F-462A-87AF-3BEC815F14C6}.Debug|ARM64.ActiveCfg = Debug|ARM64
		{0A42C0AF-DB2F-462A-87AF-3BEC815F14C6}.Debug|ARM64.Build.0 = Debug|ARM64
		{0A42C0AF-DB2F-462A-87AF-3BEC815F14C6}.Debug|ARM64.Deploy.0 = Debug|ARM64
		{0A42C0AF-DB2F-462A-87AF-3BEC815F14C6}.Debug|x64.ActiveCfg = Debug|x64
		{0A42C0AF-DB2F-462A-87AF-3BEC815F14C6}.Debug|x64.Build.0 = Debug|x64
		{0A42C0AF-DB2F-462A-87AF-3BEC815F14C6}.Debug|x64.Deploy.0 = Debug|x64
		{0A42C0AF-DB2F-462A-87AF-3BEC815F14C6}.Debug|x86.ActiveCfg = Debug|Win32
		{0A42C0AF-DB2F-462A-87AF-3BEC815F14C6}.Debug|x86.Build.0 = Debug|Win32
		{0A42C0AF-DB2F-462A-87AF-3BEC815F14C6}.Debug|x86.Deploy.0 = Debug|Win32
		{0A42C0AF-DB2F-462A-87AF-3BEC815F14C6}.Release|ARM.ActiveCfg = Release|ARM
		{0A42C0AF-DB2F-462A-87AF-3BEC815F14C6}.Release|ARM.Build.0 = Release|ARM
		{0A42C0AF-DB2F-462A-87AF-3BEC815F14C6}.Release|ARM.Deploy.0 = Release|ARM
		{0A42C0AF-DB2F-462A-87AF-3BEC815F14C6}.Release|ARM64.ActiveCfg = Release|ARM64
		{0A42C0AF-DB2F-462A-87AF-3BEC815F14C6}.Release|ARM64.Build.0 = Release|ARM64
		{0A42C0AF-DB2F-462A-87AF-3BEC815F14C6}.Release|ARM64.Deploy.0 = Release|ARM64
		{0A42C0AF-DB2F-462A-87AF-3BEC815F14C6}.Release|x64.ActiveCfg = Release|x64
		{0A42C0AF-DB2F-462A-87AF-3BEC815F14C6}.Release|x64.Build.0 = Release|x64
		{0A42C0AF-DB2F-462A-87AF-3BEC815F14C6}.Release|x64.Deploy.0 = Release|x64
		{0A42C0AF-DB2F-462A-87AF-3BEC815F14C6}.Release|x86.ActiveCfg = Release|Win32
		{0A42C0AF-DB2F-462A-87AF-3BEC815F14C6}.Release|x86.Build.0 = Release|Win32
		{0A42C0AF-DB2F-462A-87AF-3BEC815F14C6}.Release|x86.Deploy.0 = Release|Win32
		{121F7568-B529-4533-B9E7-0512DC1B77E8}.Debug|ARM.ActiveCfg = Debug|ARM
		{121F7568-B529-4533-B9E7-0512DC1B77E8}.Debug|ARM.Build.0 = Debug|ARM
		{121F7568-B529-4533-B9E7-0512DC1B77E8}.Debug|ARM.Deploy.0 = Debug|ARM
		{121F7568-B529-4533-B9E7-0512DC1B77E8}.Debug|ARM64.ActiveCfg = Debug|ARM64
		{121F7568-B529-4533-B9E7-0512DC1B77E8}.Debug|ARM64.Build.0 = Debug|ARM64
		{121F7568-B529-4533-B9E7-0512DC1B77E8}.Debug|ARM64.Deploy.0 = Debug|ARM64
		{121F7568-B529-4533-B9E7-0512DC1B77E8}.Debug|x64.ActiveCfg = Debug|x64
		{121F7568-B529-4533-B9E7-0512DC1B77E8}.Debug|x64.Build.0 = Debug|x64
		{121F7568-B529-4533-B9E7-0512DC1B77E8}.Debug|x64.Deploy.0 = Debug|x64
		{121F7568-B529-4533-B9E7-0512DC1B77E8}.Debug|x86.ActiveCfg = Debug|Win32
		{121F7568-B529-4533-B9E7-0512DC1B77E8}.Debug|x86.Build.0 = Debug|Win32
		{121F7568-B529-4533-B9E7-0512DC1B77E8}.Debug|x86.Deploy.0 = Debug|Win32
		{121F7568-B529-4533-B9E7-0512DC1B77E8}.Release|ARM.ActiveCfg = Release|ARM
		{121F7568-B529-4533-B9E7-0512DC1B77E8}.Release|ARM.Build.0 = Release|ARM
		{121F7568-B529-4533-B9E7-0512DC1B77E8}.Release|ARM.Deploy.0 = Release|ARM
		{121F7568-B529-4533-B9E7-0512DC1B77E8}.Release|ARM64.ActiveCfg = Release|ARM64
		{121F7568-B529-4533-B9E7-0512DC1B77E8}.Release|ARM64.Build.0 = Release|ARM64
		{121F7568-B529-4533-B9E7-0512DC1B77E8}.Release|ARM64.Deploy.0 = Release|ARM64
		{121F7568-B529-4533-B9E7-0512DC1B77E8}.Release|x64.ActiveCfg = Release|x64
		{121F7568-B529-4533-B9E7-0512DC1B77E8}.Release|x64.Build.0 = Release|x64
		{121F7568-B529-4533-B9E7-0512DC1B77E8}.Release|x64.Deploy.0 = Release|x64
		{121F7568-B529-4533-B9E7-0512DC1B77E8}.Release|x86.ActiveCfg = Release|Win32
		{121F7568-B529-4533-B9E7-0512DC1B77E8}.Release|x86.Build.0 = Release|Win32
		{121F7568-B529-4533-B9E7-0512DC1B77E8}.Release|x86.Deploy.0 = Release|Win32
		{5FC936B4-7ED4-46C0-B5C4-6DDA6B8F81FE}.Debug|ARM.ActiveCfg = Debug|ARM
		{5FC936B4-7ED4-46C0-B5C4-6DDA6B8F81FE}.Debug|ARM.Build.0 = Debug|ARM
		{5FC936B4-7ED4-46C0-B5C4-6DDA6B8F81FE}.Debug|ARM.Deploy.0 = Debug|ARM
		{5FC936B4-7ED4-46C0-B5C4-6DDA6B8F81FE}.Debug|ARM64.ActiveCfg = Debug|ARM64
		{5FC936B4-7ED4-46C0-B5C4-6DDA6B8F81FE}.Debug|ARM64.Build.0 = Debug|ARM64
		{5FC936B4-7ED4-46C0-B5C4-6DDA6B8F81FE}.Debug|ARM64.Deploy.0 = Debug|ARM64
		{5FC936B4-7ED4-46C0-B5C4-6DDA6B8F81FE}.Debug|x64.ActiveCfg = Debug|x64
		{5FC936B4-7ED4-46C0-B5C4-6DDA6B8F81FE}.Debug|x64.Build.0 = Debug|x64
		{5FC936B4-7ED4-46C0-B5C4-6DDA6B8F81FE}.Debug|x64.Deploy.0 = Debug|x64
		{5FC936B4-7ED4-46C0-B5C4-6DDA6B8F81FE}.Debug|x86.ActiveCfg = Debug|Win32
		{5FC936B4-7ED4-46C0-B5C4-6DDA6B8F81FE}.Debug|x86.Build.0 = Debug|Win32
		{5FC936B4-7ED4-46C0-B5C4-6DDA6B8F81FE}.Debug|x86.Deploy.0 = Debug|Win32
		{5FC936B4-7ED4-46C0-B5C4-6DDA6B8F81FE}.Release|ARM.ActiveCfg = Release|ARM
		{5FC936B4-7ED4-46C0-B5C4-6DDA6B8F81FE}.Release|ARM.Build.0 = Release|ARM
		{5FC936B4-7ED4-46C0-B5C4-6DDA6B8F81FE}.Release|ARM.Deploy.0 = Release|ARM
		{5FC936B4-7ED4-46C0-B5C4-6DDA6B8F81FE}.Release|ARM64.ActiveCfg = Release|ARM64
		{5FC936B4-7ED4-46C0-B5C4-6DDA6B8F81FE}.Release|ARM64.Build.0 = Release|ARM64
		{5FC936B4-7ED4-46C0-B5C4-6DDA6B8F81FE}.Release|ARM64.Deploy.0 = Release|ARM64
		{5FC936B4-7ED4-46C0-B5C4-6DDA6B8F81FE}.Release|x64.ActiveCfg = Release|x64
		{5FC936B4-7ED4-46C0-B5C4-6DDA6B8F81FE}.Release|x64.Build.0 = Release|x64
		{5FC936B4-7ED4-46C0-B5C4-6DDA6B8F81FE}.Release|x64.Deploy.0 = Release|x64
		{5FC936B4-7ED4-46C0-B5C4-6DDA6B8F81FE}.Release|x86.ActiveCfg = Release|Win32
		{5FC936B4-7ED4-46C0-B5C4-6DDA6B8F81FE}.Release|x86.Build.0 = Release|Win32
		{5FC936B4-7ED4-46C0-B5C4-6DDA6B8F81FE}.Release|x86.Deploy.0 = Release|Win32
		{AAB901BC-E99F-4977-A893-097CD549147D}.Debug|ARM.ActiveCfg = Debug|ARM
		{AAB901BC-E99F-4977-A893-097CD549147D}.Debug|ARM.Build.0 = Debug|ARM
		{AAB901BC-E99F-4977-A893-097CD549147D}.Debug|ARM.Deploy.0 = Debug|ARM
		{AAB901BC-E99F-4977-A893-097CD549147D}.Debug|ARM64.ActiveCfg = Debug|ARM64
		{AAB901BC-E99F-4977-A893-097CD549147D}.Debug|ARM64.Build.0 = Debug|ARM64
		{AAB901BC-E99F-4977-A893-097CD549147D}.Debug|ARM64.Deploy.0 = Debug|ARM64
		{AAB901BC-E99F-4977-A893-097CD549147D}.Debug|x64.ActiveCfg = Debug|x64
		{AAB901BC-E99F-4977-A893-097CD549147D}.Debug|x64.Build.0 = Debug|x64
		{AAB901BC-E99F-4977-A893-097CD549147D}.Debug|x64.Deploy.0 = Debug|x64
		{AAB901BC-E99F-4977-A893-097CD549147D}.Debug|x86.ActiveCfg = Debug|Win32
		{AAB901BC-E99F-4977-A893-097CD549147D}.Debug|x86.Build.0 = Debug|Win32
		{AAB901BC-E99F-4977-A893-097CD549147D}.Debug|x86.Deploy.0 = Debug|Win32
		{AAB901BC-E99F-4977-A893-097CD549147D}.Release|ARM.ActiveCfg = Release|ARM
		{AAB901BC-E99F-4977-A893-097CD549147D}.Release|ARM.Build.0 = Release|ARM
		{AAB901BC-E99F-4977-A893-097CD549147D}.Release|ARM.Deploy.0 = Release|ARM
		{AAB901BC-E99F-4977-A893-097CD549147D}.Release|ARM64.ActiveCfg = Release|ARM64
		{AAB901BC-E99F-4977-A893-097CD549147D}.Release|ARM64.Build.0 = Release|ARM64
		{AAB901BC-E99F-4977-A893-097CD549147D}.Release|ARM64.Deploy.0 = Release|ARM64
		{AAB901BC-E99F-4977-A893-097CD549147D}.Release|x64.ActiveCfg = Release|x64
		{AAB901BC-E99F-4977-A893-097CD549147D}.Release|x64.Build.0 = Release|x64
		{AAB901BC-E99F-4977-A893-097CD549147D}.Release|x64.Deploy.0 = Release|x64
		{AAB901BC-E99F-4977-A893-097CD549147D}.Release|x86.ActiveCfg = Release|Win32
		{AAB901BC-E99F-4977-A893-097CD549147D}.Release|x86.Build.0 = Release|Win32
		{AAB901BC-E99F-4977-A893-097CD549147D}.Release|x86.Deploy.0 = Release|Win32
		{8B79165C-E215-4F7C-B485-75BB117406DC}.Debug|ARM.ActiveCfg = Debug|ARM
		{8B79165C-E215-4F7C-B485-75BB117406DC}.Debug|ARM.Build.0 = Debug|ARM
		{8B79165C-E215-4F7C-B485-75BB117406DC}.Debug|ARM.Deploy.0 = Debug|ARM
		{8B79165C-E215-4F7C-B485-75BB117406DC}.Debug|ARM64.ActiveCfg = Debug|ARM64
		{8B79165C-E215-4F7C-B485-75BB117406DC}.Debug|ARM64.Build.0 = Debug|ARM64
		{8B79165C-E215-4F7C-B485-75BB117406DC}.Debug|ARM64.Deploy.0 = Debug|ARM64
		{8B79165C-E215-4F7C-B485-75BB117406DC}.Debug|x64.ActiveCfg = Debug|x64
		{8B79165C-E215-4F7C-B485-75BB117406DC}.Debug|x64.Build.0 = Debug|x64
		{8B79165C-E215-4F7C-B485-75BB117406DC}.Debug|x64.Deploy.0 = Debug|x64
		{8B79165C-E215-4F7C-B485-75BB117406DC}.Debug|x86.ActiveCfg = Debug|Win32
		{8B79165C-E215-4F7C-B485-75BB117406DC}.Debug|x86.Build.0 = Debug|Win32
		{8B79165C-E215-4F7C-B485-75BB117406DC}.Debug|x86.Deploy.0 = Debug|Win32
		{8B79165C-E215-4F7C-B485-75BB117406DC}.Release|ARM.ActiveCfg = Release|ARM
		{8B79165C-E215-4F7C-B485-75BB117406DC}.Release|ARM.Build.0 = Release|ARM
		{8B79165C-E215-4F7C-B485-75BB117406DC}.Release|ARM.Deploy.0 = Release|ARM
		{8B79165C-E215-4F7C-B485-75BB117406DC}.Release|ARM64.ActiveCfg = Release|ARM64
		{8B79165C-E215-4F7C-B485-75BB117406DC}.Release|ARM64.Build.0 = Release|ARM64
		{8B79165C-E215-4F7C-B485-75BB117406DC}.Release|ARM64.Deploy.0 = Release|ARM64
		{8B79165C-E215-4F7C-B485-75BB117406DC}.Release|x64.ActiveCfg = Release|x64
		{8B79165C-E215-4F7C-B485-75BB117406DC}.Release|x64.Build.0 = Release|x64
		{8B79165C-E215-4F7C-B485-75BB117406DC}.Release|x64.Deploy.0 = Release|x64
		{8B79165C-E215-4F7C-B485-75BB117406DC}.Release|x86.ActiveCfg = Release|Win32
		{8B79165C-E215-4F7C-B485-75BB117406DC}.Release|x86.Build.0 = Release|Win32
		{8B79165C-E215-4F7C-B485-75BB117406DC}.Release|x86.Deploy.0 = Release|Win32
		{6CCCCB61-BE71-43CC-A91A-410A67DC37E0}.Debug|ARM.ActiveCfg = Debug|ARM
		{6CCCCB61-BE71-43CC-A91A-410A67DC37E0}.Debug|ARM.Build.0 = Debug|ARM
		{6CCCCB61-BE71-43CC-A91A-410A67DC37E0}.Debug|ARM.Deploy.0 = Debug|ARM
		{6CCCCB61-BE71-43CC-A91A-410A67DC37E0}.Debug|ARM64.ActiveCfg = Debug|ARM64
		{6CCCCB61-BE71-43CC-A91A-410A67DC37E0}.Debug|ARM64.Build.0 = Debug|ARM64
		{6CCCCB61-BE71-43CC-A91A-410A67DC37E0}.Debug|ARM64.Deploy.0 = Debug|ARM64
		{6CCCCB61-BE71-43CC-A91A-410A67DC37E0}.Debug|x64.ActiveCfg = Debug|x64
		{6CCCCB61-BE71-43CC-A91A-410A67DC37E0}.Debug|x64.Build.0 = Debug|x64
		{6CCCCB61-BE71-43CC-A91A-410A67DC37E0}.Debug|x64.Deploy.0 = Debug|x64
		{6CCCCB61-BE71-43CC-A91A-410A67DC37E0}.Debug|x86.ActiveCfg = Debug|Win32
		{6CCCCB61-BE71-43CC-A91A-410A67DC37E0}.Debug|x86.Build.0 = Debug|Win32
		{6CCCCB61-BE71-43CC-A91A-410A67DC37E0}.Debug|x86.Deploy.0 = Debug|Win32
		{6CCCCB61-BE71-43CC-A91A-410A67DC37E0}.Release|ARM.ActiveCfg = Release|ARM
		{6CCCCB61-BE71-43CC-A91A-410A67DC37E0}.Release|ARM.Build.0 = Release|ARM
		{6CCCCB61-BE71-43CC-A91A-410A67DC37E0}.Release|ARM.Deploy.0 = Release|ARM
		{6CCCCB61-BE71-43CC-A91A-410A67DC37E0}.Release|ARM64.ActiveCfg = Release|ARM64
		{6CCCCB61-BE71-43CC-A91A-410A67DC37E0}.Release|ARM64.Build.0 = Release|ARM64
		{6CCCCB61-BE71-43CC-A91A-410A67DC37E0}.Release|ARM64.Deploy.0 = Release|ARM64
		{6CCCCB61-BE71-43CC-A91A-410A67DC37E0}.Release|x64.ActiveCfg = Release|x64
		{6CCCCB61-BE71-43CC-A91A-410A67DC37E0}.Release|x64.Build.0 = Release|x64
		{6CCCCB61-BE71-43CC-A91A-410A67DC37E0}.Release|x64.Deploy.0 = Release|x64
		{6CCCCB61-BE71-43CC-A91A-410A67DC37E0}.Release|x86.ActiveCfg = Release|Win32
		{6CCCCB61-BE71-43CC-A91A-410A67DC37E0}.Release|x86.Build.0 = Release|Win32
		{6CCCCB61-BE71-43CC-A91A-410A67DC37E0}.Release|x86.Deploy.0 = Release|Win32
		{9D992871-2FD4-43EB-B236-322ACDCFA190}.Debug|ARM.ActiveCfg = Debug|ARM
		{9D992871-2FD4-43EB-B236-322ACDCFA190}.Debug|ARM.Build.0 = Debug|ARM
		{9D992871-2FD4-43EB-B236-322ACDCFA190}.Debug|ARM.Deploy.0 = Debug|ARM
		{9D992871-2FD4-43EB-B236-322ACDCFA190}.Debug|ARM64.ActiveCfg = Debug|ARM64
		{9D992871-2FD4-43EB-B236-322ACDCFA190}.Debug|ARM64.Build.0 = Debug|ARM64
		{9D992871-2FD4-43EB-B236-322ACDCFA190}.Debug|ARM64.Deploy.0 = Debug|ARM64
		{9D992871-2FD4-43EB-B236-322ACDCFA190}.Debug|x64.ActiveCfg = Debug|x64
		{9D992871-2FD4-43EB-B236-322ACDCFA190}.Debug|x64.Build.0 = Debug|x64
		{9D992871-2FD4-43EB-B236-322ACDCFA190}.Debug|x64.Deploy.0 = Debug|x64
		{9D992871-2FD4-43EB-B236-322ACDCFA190}.Debug|x86.ActiveCfg = Debug|Win32
		{9D992871-2FD4-43EB-B236-322ACDCFA190}.Debug|x86.Build.0 = Debug|Win32
		{9D992871-2FD4-43EB-B236-322ACDCFA190}.Debug|x86.Deploy.0 = Debug|Win32
		{9D992871-2FD4-43EB-B236-322ACDCFA190}.Release|ARM.ActiveCfg = Release|ARM
		{9D992871-2FD4-43EB-B236-322ACDCFA190}.Release|ARM.Build.0 = Release|ARM
		{9D992871-2FD4-43EB-B236-322ACDCFA190}.Release|ARM.Deploy.0 = Release|ARM
		{9D992871-2FD4-43EB-B236-322ACDCFA190}.Release|ARM64.ActiveCfg = Release|ARM64
		{9D992871-2FD4-43EB-B236-322ACDCFA190}.Release|ARM64.Build.0 = Release|ARM64
		{9D992871-2FD4-43EB-B236-322ACDCFA190}.Release|ARM64.Deploy.0 = Release|ARM64
		{9D992871-2FD4-43EB-B236-322ACDCFA190}.Release|x64.ActiveCfg = Release|x64
		{9D992871-2FD4-43EB-B236-322ACDCFA190}.Release|x64.Build.0 = Release|x64
		{9D992871-2FD4-43EB-B236-322ACDCFA190}.Release|x64.Deploy.0 = Release|x64
		{9D992871-2FD4-43EB-B236-322ACDCFA190}.Release|x86.ActiveCfg = Release|Win32
		{9D992871-2FD4-43EB-B236-322ACDCFA190}.Release|x86.Build.0 = Release|Win32
		{9D992871-2FD4-43EB-B236-322ACDCFA190}.Release|x86.Deploy.0 = Release|Win32
		{5A7DB7E8-E795-46BA-96D0-213A310AFC6A}.Debug|ARM.ActiveCfg = Debug|ARM
		{5A7DB7E8-E795-46BA-96D0-213A310AFC6A}.Debug|ARM.Build.0 = Debug|ARM
		{5A7DB7E8-E795-46BA-96D0-213A310AFC6A}.Debug|ARM.Deploy.0 = Debug|ARM
		{5A7DB7E8-E795-46BA-96D0-213A310AFC6A}.Debug|ARM64.ActiveCfg = Debug|ARM64
		{5A7DB7E8-E795-46BA-96D0-213A310AFC6A}.Debug|ARM64.Build.0 = Debug|ARM64
		{5A7DB7E8-E795-46BA-96D0-213A310AFC6A}.Debug|ARM64.Deploy.0 = Debug|ARM64
		{5A7DB7E8-E795-46BA-96D0-213A310AFC6A}.Debug|x64.ActiveCfg = Debug|x64
		{5A7DB7E8-E795-46BA-96D0-213A310AFC6A}.Debug|x64.Build.0 = Debug|x64
		{5A7DB7E8-E795-46BA-96D0-213A310AFC6A}.Debug|x64.Deploy.0 = Debug|x64
		{5A7DB7E8-E795-46BA-96D0-213A310AFC6A}.Debug|x86.ActiveCfg = Debug|Win32
		{5A7DB7E8-E795-46BA-96D0-213A310AFC6A}.Debug|x86.Build.0 = Debug|Win32
		{5A7DB7E8-E795-46BA-96D0-213A310AFC6A}.Debug|x86.Deploy.0 = Debug|Win32
		{5A7DB7E8-E795-46BA-96D0-213A310AFC6A}.Release|ARM.ActiveCfg = Release|ARM
		{5A7DB7E8-E795-46BA-96D0-213A310AFC6A}.Release|ARM.Build.0 = Release|ARM
		{5A7DB7E8-E795-46BA-96D0-213A310AFC6A}.Release|ARM.Deploy.0 = Release|ARM
		{5A7DB7E8-E795-46BA-96D0-213A310AFC6A}.Release|ARM64.ActiveCfg = Release|ARM64
		{5A7DB7E8-E795-46BA-96D0-213A310AFC6A}.Release|ARM64.Build.0 = Release|ARM64
		{5A7DB7E8-E795-46BA-96D0-213A310AFC6A}.Release|ARM64.Deploy.0 = Release|ARM64
		{5A7DB7E8-E795-46BA-96D0-213A310AFC6A}.Release|x64.ActiveCfg = Release|x64
		{5A7DB7E8-E795-46BA-96D0-213A310AFC6A}.Release|x64.Build.0 = Release|x64
		{5A7DB7E8-E795-46BA-96D0-213A310AFC6A}.Release|x64.Deploy.0 = Release|x64
		{5A7DB7E8-E795-46BA-96D0-213A310AFC6A}.Release|x86.ActiveCfg = Release|Win32
		{5A7DB7E8-E795-46BA-96D0-213A310AFC6A}.Release|x86.Build.0 = Release|Win32
		{5A7DB7E8-E795-46BA-96D0-213A310AFC6A}.Release|x86.Deploy.0 = Release|Win32
		{8C1F4991-BD53-4122-8D3D-600E74064078}.Debug|ARM.ActiveCfg = Debug|ARM
		{8C1F4991-BD53-4122-8D3D-600E74064078}.Debug|ARM.Build.0 = Debug|ARM
		{8C1F4991-BD53-4122-8D3D-600E74064078}.Debug|ARM.Deploy.0 = Debug|ARM
		{8C1F4991-BD53-4122-8D3D-600E74064078}.Debug|ARM64.ActiveCfg = Debug|ARM64
		{8C1F4991-BD53-4122-8D3D-600E74064078}.Debug|ARM64.Build.0 = Debug|ARM64
		{8C1F4991-BD53-4122-8D3D-600E74064078}.Debug|ARM64.Deploy.0 = Debug|ARM64
		{8C1F4991-BD53-4122-8D3D-600E74064078}.Debug|x64.ActiveCfg = Debug|x64
		{8C1F4991-BD53-4122-8D3D-600E74064078}.Debug|x64.Build.0 = Debug|x64
		{8C1F4991-BD53-4122-8D3D-600E74064078}.Debug|x64.Deploy.0 = Debug|x64
		{8C1F4991-BD53-4122-8D3D-600E74064078}.Debug|x86.ActiveCfg = Debug|Win32
		{8C1F4991-BD53-4122-8D3D-600E74064078}.Debug|x86.Build.0 = Debug|Win32
		{8C1F4991-BD53-4122-8D3D-600E74064078}.Debug|x86.Deploy.0 = Debug|Win32
		{8C1F4991-BD53-4122-8D3D-600E74064078}.Release|ARM.ActiveCfg = Release|ARM
		{8C1F4991-BD53-4122-8D3D-600E74064078}.Release|ARM.Build.0 = Release|ARM
		{8C1F4991-BD53-4122-8D3D-600E74064078}.Release|ARM.Deploy.0 = Release|ARM
		{8C1F4991-BD53-4122-8D3D-600E74064078}.Release|ARM64.ActiveCfg = Release|ARM64
		{8C1F4991-BD53-4122-8D3D-600E74064078}.Release|ARM64.Build.0 = Release|ARM64
		{8C1F4991-BD53-4122-8D3D-600E74064078}.Release|ARM64.Deploy.0 = Release|ARM64
		{8C1F4991-BD53-4122-8D3D-600E74064078}.Release|x64.ActiveCfg = Release|x64
		{8C1F4991-BD53-4122-8D3D-600E74064078}.Release|x64.Build.0 = Release|x64
		{8C1F4991-BD53-4122-8D3D-600E74064078}.Release|x64.Deploy.0 = Release|x64
		{8C1F4991-BD53-4122-8D3D-600E74064078}.Release|x86.ActiveCfg = Release|Win32
		{8C1F4991-BD53-4122-8D3D-600E74064078}.Release|x86.Build.0 = Release|Win32
		{8C1F4991-BD53-4122-8D3D-600E74064078}.Release|x86.Deploy.0 = Release|Win32
	EndGlobalSection
	GlobalSection(SolutionProperties) = preSolution
		HideSolutionNode = FALSE
	EndGlobalSection
	GlobalSection(ExtensibilityGlobals) = postSolution
		SolutionGuid = {4A17EDAA-E57A-4257-8086-FDEE6CB2D470}
	EndGlobalSection
EndGlobal
